{
  "nodes": {
    "emacs-overlay": {
      "inputs": {
        "nixpkgs": [
          "nixpkgs"
        ],
        "nixpkgs-stable": [
          "nixos-stable"
        ]
      },
      "locked": {
        "lastModified": 1751769036,
        "narHash": "sha256-zKMEf2afBkyM5/lL+aF5rEkgIKkGQIrmyVP/dI0SaEk=",
        "owner": "nix-community",
        "repo": "emacs-overlay",
        "rev": "2447869cbd64a802a72d9c94122dede36d51a335",
        "type": "github"
      },
      "original": {
        "owner": "nix-community",
        "repo": "emacs-overlay",
        "type": "github"
      }
    },
    "fixGL": {
      "inputs": {
        "flake-utils": "flake-utils",
        "nixpkgs": "nixpkgs"
      },
      "locked": {
        "lastModified": 1749792493,
        "narHash": "sha256-0ElQJiDTd/0f6vErGH6nIUO/HcCllx/LcVs9l9QKw/o=",
        "owner": "kilesduli",
        "repo": "fixGL",
        "rev": "40f8b098cdd3aa84af470f50520140c6f7eafecb",
        "type": "github"
      },
      "original": {
        "owner": "kilesduli",
        "repo": "fixGL",
        "type": "github"
      }
    },
    "flake-compat": {
      "flake": false,
      "locked": {
        "lastModified": 1696426674,
        "narHash": "sha256-kvjfFW7WAETZlt09AgDn1MrtKzP7t90Vf7vypd3OL1U=",
        "owner": "edolstra",
        "repo": "flake-compat",
        "rev": "0f9255e01c2351cc7d116c072cb317785dd33b33",
        "type": "github"
      },
      "original": {
        "owner": "edolstra",
        "repo": "flake-compat",
        "type": "github"
      }
    },
    "flake-utils": {
      "inputs": {
        "systems": "systems"
      },
      "locked": {
        "lastModified": 1731533236,
        "narHash": "sha256-l0KFg5HjrsfsO/JpG+r7fRrqm12kzFHyUHqHCVpMMbI=",
        "owner": "numtide",
        "repo": "flake-utils",
        "rev": "11707dc2f618dd54ca8739b309ec4fc024de578b",
        "type": "github"
      },
      "original": {
        "owner": "numtide",
        "repo": "flake-utils",
        "type": "github"
      }
    },
    "flake-utils_2": {
      "inputs": {
        "systems": "systems_2"
      },
      "locked": {
        "lastModified": 1731533236,
        "narHash": "sha256-l0KFg5HjrsfsO/JpG+r7fRrqm12kzFHyUHqHCVpMMbI=",
        "owner": "numtide",
        "repo": "flake-utils",
        "rev": "11707dc2f618dd54ca8739b309ec4fc024de578b",
        "type": "github"
      },
      "original": {
        "owner": "numtide",
        "repo": "flake-utils",
        "type": "github"
      }
    },
    "home-manager": {
      "inputs": {
        "nixpkgs": [
          "nixpkgs"
        ]
      },
      "locked": {
        "lastModified": 1751760902,
        "narHash": "sha256-qBGNn7T/zOgUDQTo/RM/D2oxMkB2x36j3ajvpVanEVs=",
        "owner": "nix-community",
        "repo": "home-manager",
        "rev": "8b0180dde1d6f4cf632e046309e8f963924dfbd0",
        "type": "github"
      },
      "original": {
        "owner": "nix-community",
        "repo": "home-manager",
        "type": "github"
      }
    },
    "nixgl": {
      "inputs": {
        "flake-utils": [
          "flake-utils"
        ],
        "nixpkgs": [
          "nixpkgs"
        ]
      },
      "locked": {
        "lastModified": 1751696036,
        "narHash": "sha256-hXq4IOgSdAAaF/9q/2U8TBDL7aXZyQmtq4wl6USZjKo=",
        "owner": "nix-community",
        "repo": "nixGL",
        "rev": "d47b0db35dfa693c10f7c378043dcc6121d3f4ec",
        "type": "github"
      },
      "original": {
        "owner": "nix-community",
        "repo": "nixGL",
        "type": "github"
      }
    },
    "nixos-stable": {
      "locked": {
        "lastModified": 1735563628,
        "narHash": "sha256-OnSAY7XDSx7CtDoqNh8jwVwh4xNL/2HaJxGjryLWzX8=",
        "owner": "nixos",
        "repo": "nixpkgs",
        "rev": "b134951a4c9f3c995fd7be05f3243f8ecd65d798",
        "type": "github"
      },
      "original": {
        "owner": "nixos",
        "ref": "nixos-24.05",
        "repo": "nixpkgs",
        "type": "github"
      }
    },
    "nixpkgs": {
      "locked": {
        "lastModified": 1751789864,
        "narHash": "sha256-lAgp3WJWboyjVbdw/l8L/UryZTLByADBPOfV3DAoNTc=",
        "owner": "nixos",
        "repo": "nixpkgs",
        "rev": "8e5b16f6fc7ca0e94a9c10d82fbfa956c9b9af9c",
        "type": "github"
      },
      "original": {
        "owner": "nixos",
        "repo": "nixpkgs",
        "type": "github"
      }
    },
    "nixpkgs-unstable": {
      "locked": {
        "lastModified": 1751625545,
        "narHash": "sha256-4E7wWftF1ExK5ZEDzj41+9mVgxtuRV3wWCId7QAYMAU=",
        "owner": "nixos",
        "repo": "nixpkgs",
        "rev": "c860cf0b3a0829f0f6cf344ca8de83a2bbfab428",
        "type": "github"
      },
      "original": {
        "owner": "nixos",
        "ref": "nixpkgs-unstable",
        "repo": "nixpkgs",
        "type": "github"
      }
    },
    "nvfetcher": {
      "inputs": {
        "flake-compat": "flake-compat",
        "flake-utils": [
          "flake-utils"
        ],
        "nixpkgs": [
          "nixpkgs"
        ]
      },
      "locked": {
        "lastModified": 1732501185,
        "narHash": "sha256-Z0BpHelaGQsE5VD9hBsBHsvMU9h+Xt0kfkDJyFivZOU=",
        "owner": "berberman",
        "repo": "nvfetcher",
        "rev": "bdb14eab6fe9cefc29efe01e60c3a3f616d6b62a",
        "type": "github"
      },
      "original": {
        "owner": "berberman",
        "repo": "nvfetcher",
        "type": "github"
      }
    },
    "root": {
      "inputs": {
        "emacs-overlay": "emacs-overlay",
        "fixGL": "fixGL",
        "flake-utils": "flake-utils_2",
        "home-manager": "home-manager",
        "nixgl": "nixgl",
        "nixos-stable": "nixos-stable",
        "nixpkgs": [
          "nixpkgs-unstable"
        ],
        "nixpkgs-unstable": "nixpkgs-unstable",
        "nvfetcher": "nvfetcher"
      }
    },
    "systems": {
      "locked": {
        "lastModified": 1681028828,
        "narHash": "sha256-Vy1rq5AaRuLzOxct8nz4T6wlgyUR7zLU309k9mBC768=",
        "owner": "nix-systems",
        "repo": "default",
        "rev": "da67096a3b9bf56a91d16901293e51ba5b49a27e",
        "type": "github"
      },
      "original": {
        "owner": "nix-systems",
        "repo": "default",
        "type": "github"
      }
    },
    "systems_2": {
      "locked": {
        "lastModified": 1681028828,
        "narHash": "sha256-Vy1rq5AaRuLzOxct8nz4T6wlgyUR7zLU309k9mBC768=",
        "owner": "nix-systems",
        "repo": "default",
        "rev": "da67096a3b9bf56a91d16901293e51ba5b49a27e",
        "type": "github"
      },
      "original": {
        "owner": "nix-systems",
        "repo": "default",
        "type": "github"
      }
    }
  },
  "root": "root",
  "version": 7
}
